schema: '2.0'
stages:
  preprocess:
    cmd: python -m src.data_preprocessing
    deps:
    - path: data/raw
      hash: md5
      md5: 0448772c2a874cdb36c19740963b66a2.dir
      size: 136169287
      nfiles: 4001
    - path: src/data_preprocessing.py
      hash: md5
      md5: f252c00b7543c3c2b20a2902b3652c8c
      size: 4766
    outs:
    - path: data/processed
      hash: md5
      md5: 305354eaac8a2f5165e4ba5f6bbfa471.dir
      size: 124048
      nfiles: 3
  train:
    cmd: python -m src.train --epochs 10 --batch_size 32 --lr 1e-3
    deps:
    - path: data/processed
      hash: md5
      md5: 305354eaac8a2f5165e4ba5f6bbfa471.dir
      size: 124048
      nfiles: 3
    - path: src/model.py
      hash: md5
      md5: b95ad1cb04f358a483896ece48b10081
      size: 1543
    - path: src/train.py
      hash: md5
      md5: cd67ad9211942859a290d0b5c6b5ebe2
      size: 7307
    outs:
    - path: models/confusion_matrix.png
      hash: md5
      md5: e49f65c2314bac8885630470d8b90ad2
      size: 12368
    - path: models/loss_curve.png
      hash: md5
      md5: 60c49eaf5cd1021ffc3ef077eda757e1
      size: 22959
    - path: models/metrics.json
      hash: md5
      md5: fe20d38188dc5a71946ecbfcf635cc97
      size: 126
    - path: models/model.pt
      hash: md5
      md5: 92a97e1c572b3ab4898d80929e75612a
      size: 6828151
